
Microsoft Visual Studio Solution File, Format Version 12.00
# Visual Studio Version 16
VisualStudioVersion = 16.0.31402.337
MinimumVisualStudioVersion = 10.0.40219.1
Project("{FAE04EC0-301F-11D3-BF4B-00C04F79EFBC}") = "DevTeamMgmt.app", "DevTeamMgmt.app\DevTeamMgmt.app.csproj", "{FDC813EF-BFE6-4211-89C6-87C8F61746F0}"
EndProject
Project("{FAE04EC0-301F-11D3-BF4B-00C04F79EFBC}") = "DevTeamMgmtApp.repo", "DevTeamMgmtApp.repo\DevTeamMgmtApp.repo.csproj", "{05E9C00A-76A2-47F5-ABEF-428F6ABE47BC}"
EndProject
Project("{FAE04EC0-301F-11D3-BF4B-00C04F79EFBC}") = "DevTeamMgmtApp.poco", "DevTeamMgmtApp.poco\DevTeamMgmtApp.poco.csproj", "{5D89C627-6FAD-42B5-A66E-4438C62D6E0B}"
EndProject
Global
	GlobalSection(SolutionConfigurationPlatforms) = preSolution
		Debug|Any CPU = Debug|Any CPU
		Release|Any CPU = Release|Any CPU
	EndGlobalSection
	GlobalSection(ProjectConfigurationPlatforms) = postSolution
		{FDC813EF-BFE6-4211-89C6-87C8F61746F0}.Debug|Any CPU.ActiveCfg = Debug|Any CPU
		{FDC813EF-BFE6-4211-89C6-87C8F61746F0}.Debug|Any CPU.Build.0 = Debug|Any CPU
		{FDC813EF-BFE6-4211-89C6-87C8F61746F0}.Release|Any CPU.ActiveCfg = Release|Any CPU
		{FDC813EF-BFE6-4211-89C6-87C8F61746F0}.Release|Any CPU.Build.0 = Release|Any CPU
		{05E9C00A-76A2-47F5-ABEF-428F6ABE47BC}.Debug|Any CPU.ActiveCfg = Debug|Any CPU
		{05E9C00A-76A2-47F5-ABEF-428F6ABE47BC}.Debug|Any CPU.Build.0 = Debug|Any CPU
		{05E9C00A-76A2-47F5-ABEF-428F6ABE47BC}.Release|Any CPU.ActiveCfg = Release|Any CPU
		{05E9C00A-76A2-47F5-ABEF-428F6ABE47BC}.Release|Any CPU.Build.0 = Release|Any CPU
		{5D89C627-6FAD-42B5-A66E-4438C62D6E0B}.Debug|Any CPU.ActiveCfg = Debug|Any CPU
		{5D89C627-6FAD-42B5-A66E-4438C62D6E0B}.Debug|Any CPU.Build.0 = Debug|Any CPU
		{5D89C627-6FAD-42B5-A66E-4438C62D6E0B}.Release|Any CPU.ActiveCfg = Release|Any CPU
		{5D89C627-6FAD-42B5-A66E-4438C62D6E0B}.Release|Any CPU.Build.0 = Release|Any CPU
	EndGlobalSection
	GlobalSection(SolutionProperties) = preSolution
		HideSolutionNode = FALSE
	EndGlobalSection
	GlobalSection(ExtensibilityGlobals) = postSolution
		SolutionGuid = {D9A4852D-C071-4CAA-94B0-1DF0E74EC456}
	EndGlobalSection
EndGlobal
